
Microsoft Visual Studio Solution File, Format Version 12.00
# Visual Studio 15
VisualStudioVersion = 15.0.28307.902
MinimumVisualStudioVersion = 10.0.40219.1
Project("{FAE04EC0-301F-11D3-BF4B-00C04F79EFBC}") = "UnpackingArchive", "UnpackingArchive\UnpackingArchive.csproj", "{DE5CCCAA-EE9A-4D56-9537-7A73C1537322}"
EndProject
Global
	GlobalSection(SolutionConfigurationPlatforms) = preSolution
		Debug|Any CPU = Debug|Any CPU
		Release|Any CPU = Release|Any CPU
	EndGlobalSection
	GlobalSection(ProjectConfigurationPlatforms) = postSolution
		{DE5CCCAA-EE9A-4D56-9537-7A73C1537322}.Debug|Any CPU.ActiveCfg = Debug|Any CPU
		{DE5CCCAA-EE9A-4D56-9537-7A73C1537322}.Debug|Any CPU.Build.0 = Debug|Any CPU
		{DE5CCCAA-EE9A-4D56-9537-7A73C1537322}.Release|Any CPU.ActiveCfg = Release|Any CPU
		{DE5CCCAA-EE9A-4D56-9537-7A73C1537322}.Release|Any CPU.Build.0 = Release|Any CPU
	EndGlobalSection
	GlobalSection(SolutionProperties) = preSolution
		HideSolutionNode = FALSE
	EndGlobalSection
	GlobalSection(ExtensibilityGlobals) = postSolution
		SolutionGuid = {329D57D6-C45A-4859-8CB9-DDC2FD86C8D3}
	EndGlobalSection
EndGlobal
